
Microsoft Visual Studio Solution File, Format Version 12.00
# Visual Studio 15
VisualStudioVersion = 15.0.27703.2035
MinimumVisualStudioVersion = 10.0.40219.1
Project("{FAE04EC0-301F-11D3-BF4B-00C04F79EFBC}") = "STCU.HEApplicationsExtract.Console", "STCU.HEApplicationsExtract.Console\STCU.HEApplicationsExtract.Console.csproj", "{C764FA46-93F3-423A-9E01-D991CF1C56CF}"
EndProject
Project("{FAE04EC0-301F-11D3-BF4B-00C04F79EFBC}") = "STCU.HEApplicationsExtract.Core", "STCU.HEApplicationsExtract.Core\STCU.HEApplicationsExtract.Core.csproj", "{83AF276C-4EED-4EF4-BA87-FC7791A8503F}"
EndProject
Global
	GlobalSection(SolutionConfigurationPlatforms) = preSolution
		Debug|Any CPU = Debug|Any CPU
		Release|Any CPU = Release|Any CPU
	EndGlobalSection
	GlobalSection(ProjectConfigurationPlatforms) = postSolution
		{C764FA46-93F3-423A-9E01-D991CF1C56CF}.Debug|Any CPU.ActiveCfg = Debug|Any CPU
		{C764FA46-93F3-423A-9E01-D991CF1C56CF}.Debug|Any CPU.Build.0 = Debug|Any CPU
		{C764FA46-93F3-423A-9E01-D991CF1C56CF}.Release|Any CPU.ActiveCfg = Release|Any CPU
		{C764FA46-93F3-423A-9E01-D991CF1C56CF}.Release|Any CPU.Build.0 = Release|Any CPU
		{83AF276C-4EED-4EF4-BA87-FC7791A8503F}.Debug|Any CPU.ActiveCfg = Debug|Any CPU
		{83AF276C-4EED-4EF4-BA87-FC7791A8503F}.Debug|Any CPU.Build.0 = Debug|Any CPU
		{83AF276C-4EED-4EF4-BA87-FC7791A8503F}.Release|Any CPU.ActiveCfg = Release|Any CPU
		{83AF276C-4EED-4EF4-BA87-FC7791A8503F}.Release|Any CPU.Build.0 = Release|Any CPU
	EndGlobalSection
	GlobalSection(SolutionProperties) = preSolution
		HideSolutionNode = FALSE
	EndGlobalSection
	GlobalSection(ExtensibilityGlobals) = postSolution
		SolutionGuid = {DE9EF896-8540-481D-A8C8-D73D97C1AE77}
	EndGlobalSection
EndGlobal
