
Microsoft Visual Studio Solution File, Format Version 12.00
# Visual Studio 15
VisualStudioVersion = 15.0.27703.2035
MinimumVisualStudioVersion = 10.0.40219.1
Project("{FAE04EC0-301F-11D3-BF4B-00C04F79EFBC}") = "STCU.CSTickingReport.Console", "STCU.CSTickingReport.Console\STCU.CSTickingReport.Console.csproj", "{2B315ADB-6CB8-49A5-89BE-47B4C874E08D}"
EndProject
Project("{FAE04EC0-301F-11D3-BF4B-00C04F79EFBC}") = "STCU.CSTickingReport.Core", "STCU.CSTickingReport.Core\STCU.CSTickingReport.Core.csproj", "{C3D7B662-4243-45D5-A1ED-B7B7A1B816B2}"
EndProject
Global
	GlobalSection(SolutionConfigurationPlatforms) = preSolution
		Debug|Any CPU = Debug|Any CPU
		Release|Any CPU = Release|Any CPU
	EndGlobalSection
	GlobalSection(ProjectConfigurationPlatforms) = postSolution
		{2B315ADB-6CB8-49A5-89BE-47B4C874E08D}.Debug|Any CPU.ActiveCfg = Debug|Any CPU
		{2B315ADB-6CB8-49A5-89BE-47B4C874E08D}.Debug|Any CPU.Build.0 = Debug|Any CPU
		{2B315ADB-6CB8-49A5-89BE-47B4C874E08D}.Release|Any CPU.ActiveCfg = Release|Any CPU
		{2B315ADB-6CB8-49A5-89BE-47B4C874E08D}.Release|Any CPU.Build.0 = Release|Any CPU
		{C3D7B662-4243-45D5-A1ED-B7B7A1B816B2}.Debug|Any CPU.ActiveCfg = Debug|Any CPU
		{C3D7B662-4243-45D5-A1ED-B7B7A1B816B2}.Debug|Any CPU.Build.0 = Debug|Any CPU
		{C3D7B662-4243-45D5-A1ED-B7B7A1B816B2}.Release|Any CPU.ActiveCfg = Release|Any CPU
		{C3D7B662-4243-45D5-A1ED-B7B7A1B816B2}.Release|Any CPU.Build.0 = Release|Any CPU
	EndGlobalSection
	GlobalSection(SolutionProperties) = preSolution
		HideSolutionNode = FALSE
	EndGlobalSection
	GlobalSection(ExtensibilityGlobals) = postSolution
		SolutionGuid = {DA322DCF-2A1D-4F0E-8A99-9F250EC2ADAA}
	EndGlobalSection
EndGlobal
